{
  "name": "backend",
  "version": "1.0.0",
  "lockfileVersion": 1,
  "requires": true,
  "dependencies": {
    "babel-core": {
      "version": "6.26.0",
      "resolved": "https://registry.npmjs.org/babel-core/-/babel-core-6.26.0.tgz",
      "integrity": "sha1-rzL3izGm/O8RnIew/Y2XU/A6C7g=",
      "dev": true,
      "dependencies": {
        "debug": {
          "version": "2.6.9",
          "resolved": "https://registry.npmjs.org/debug/-/debug-2.6.9.tgz",
          "integrity": "sha512-bC7ElrdJaJnPbAP+1EotYvqZsb3ecl5wi6Bfi6BJTUcNowp6cvspg0jXznRTKDjm/E7AdgFBVeAPVMNcKGsHMA=="
        }
      }
    },
    "babel-polyfill": {
      "version": "6.26.0",
      "resolved": "https://registry.npmjs.org/babel-polyfill/-/babel-polyfill-6.26.0.tgz",
      "integrity": "sha1-N5k3q8Z9eJWXCtxiHyhM2WbPIVM=",
      "dev": true,
      "dependencies": {
        "regenerator-runtime": {
          "version": "0.10.5",
          "resolved": "https://registry.npmjs.org/regenerator-runtime/-/regenerator-runtime-0.10.5.tgz",
          "integrity": "sha1-M2w+/BIgrc7dosn6tntaeVWjNlg="
        }
      }
    },
    "babel-preset-es2015-node6": {
      "version": "0.4.0",
      "resolved": "https://registry.npmjs.org/babel-preset-es2015-node6/-/babel-preset-es2015-node6-0.4.0.tgz",
      "integrity": "sha1-+Ik/gbZTN0eSTGVzSIZ71jtPncI=",
      "dev": true
    },
    "babel-preset-stage-3": {
      "version": "6.24.1",
      "resolved": "https://registry.npmjs.org/babel-preset-stage-3/-/babel-preset-stage-3-6.24.1.tgz",
      "integrity": "sha1-g2raCp56f6N8sTj7kyb4eTSkg5U=",
      "dev": true
    },
    "bcrypt": {
      "version": "1.0.3",
      "resolved": "https://registry.npmjs.org/bcrypt/-/bcrypt-1.0.3.tgz",
      "integrity": "sha512-pRyDdo73C8Nim3jwFJ7DWe3TZCgwDfWZ6nHS5LSdU77kWbj1frruvdndP02AOavtD4y8v6Fp2dolbHgp4SDrfg=="
    },
    "bcryptjs": {
      "version": "2.4.3",
      "resolved": "https://registry.npmjs.org/bcryptjs/-/bcryptjs-2.4.3.tgz",
      "integrity": "sha1-mrVie5PmBiH/fNrF2pczAn3x0Ms="
    },
    "koa": {
      "version": "2.4.1",
      "resolved": "https://registry.npmjs.org/koa/-/koa-2.4.1.tgz",
      "integrity": "sha512-3caQ9OyLDYSL3wAhVfv2s9k3tLNgW18QxnKIPaRjzG9uXyDhp4tOo+U+XtbY+xbzEiCW5smjxMCegpZqCjmjMw=="
    },
    "koa-bodyparser": {
      "version": "4.2.0",
      "resolved": "https://registry.npmjs.org/koa-bodyparser/-/koa-bodyparser-4.2.0.tgz",
      "integrity": "sha1-vObgi8Zfhwm20fqpQRx/DYk4qlQ="
    },
    "koa-cors": {
      "version": "0.0.16",
      "resolved": "https://registry.npmjs.org/koa-cors/-/koa-cors-0.0.16.tgz",
      "integrity": "sha1-mBB5k6eQnjTAQphsXsYVbXfzQy4="
    },
    "koa-json": {
      "version": "2.0.2",
      "resolved": "https://registry.npmjs.org/koa-json/-/koa-json-2.0.2.tgz",
      "integrity": "sha1-Nq8U5uofXWRtfESihXAcb4Wk/eQ="
    },
    "koa-jwt": {
      "version": "3.3.0",
      "resolved": "https://registry.npmjs.org/koa-jwt/-/koa-jwt-3.3.0.tgz",
      "integrity": "sha512-d0An/cYtYIPkd2i0UVA9+3q0HEZzs6G1FR9CtSa3FEkcEO2OyDbnyXzHcdl69pogDOlR4SyU9fMpXi/z27V2OA=="
    },
    "koa-logger": {
      "version": "3.1.0",
      "resolved": "https://registry.npmjs.org/koa-logger/-/koa-logger-3.1.0.tgz",
      "integrity": "sha512-+RQlE4GbPbcViuhwC9jSpdXRLRthzjsWpwu5kLa7qW3lbF/mBzVsjqdbhB/XosB15yGNN9FWSzf8UNW5S/Rgbw==",
      "dependencies": {
        "bytes": {
          "version": "2.5.0",
          "resolved": "https://registry.npmjs.org/bytes/-/bytes-2.5.0.tgz",
          "integrity": "sha1-TJQj6i0lLCcMQbK97+/5u2tiwGo="
        }
      }
    },
    "koa-router": {
      "version": "7.3.0",
      "resolved": "https://registry.npmjs.org/koa-router/-/koa-router-7.3.0.tgz",
      "integrity": "sha512-XLRnIOXdbn6MnbKNaQVqBzlUAgyxR5mZte7gi7LsR10Q4KDMCpU9hL1ON7YC0GWsLCbACg1ngqeozrwDuaVYxg==",
      "dependencies": {
        "koa-compose": {
          "version": "3.2.1",
          "resolved": "https://registry.npmjs.org/koa-compose/-/koa-compose-3.2.1.tgz",
          "integrity": "sha1-qFzLQLfZhtjlo0Wzoazo6rz1Tec="
        }
      }
    },
    "pg": {
      "version": "7.4.1",
      "resolved": "https://registry.npmjs.org/pg/-/pg-7.4.1.tgz",
      "integrity": "sha512-Pi5qYuXro5PAD9xXx8h7bFtmHgAQEG6/SCNyi7gS3rvb/ZQYDmxKchfB0zYtiSJNWq9iXTsYsHjrM+21eBcN1A==",
      "dependencies": {
        "semver": {
          "version": "4.3.2",
          "resolved": "https://registry.npmjs.org/semver/-/semver-4.3.2.tgz",
          "integrity": "sha1-x6BxWKgL7dBSNVt3DYLWZA+AO+c="
        }
      }
    },
    "pg-hstore": {
      "version": "2.3.2",
      "resolved": "https://registry.npmjs.org/pg-hstore/-/pg-hstore-2.3.2.tgz",
      "integrity": "sha1-9+8FPnubiSrphq8vfL6GQy388k8="
    },
    "sequelize": {
      "version": "4.31.0",
      "resolved": "https://registry.npmjs.org/sequelize/-/sequelize-4.31.0.tgz",
      "integrity": "sha512-nSMPexz8W4w2ea3BZ06L4yRq44sgFTjF4Tmblw3AsFcSpP0GV7+6Z8MJbL1lJwJ1N59yq6LYV0PzON6ZpHGiBg=="
    }
  }
}
